// !$*UTF8*$!
{
	archiveVersion = 1;
	classes = {
	};
	objectVersion = 50;
	objects = {

/* Begin PBXBuildFile section */
		CE16903623E4817400C0DBEF /* MainPlayerViewController.swift in Sources */ = {isa = PBXBuildFile; fileRef = CE16903523E4817400C0DBEF /* MainPlayerViewController.swift */; };
		CE16903923E48D0900C0DBEF /* PlayerService.swift in Sources */ = {isa = PBXBuildFile; fileRef = CE16903823E48D0900C0DBEF /* PlayerService.swift */; };
		CE3A3B6E23CF201B00A3AC06 /* SearchInteractor.swift in Sources */ = {isa = PBXBuildFile; fileRef = CE3A3B6D23CF201B00A3AC06 /* SearchInteractor.swift */; };
		CE3A3B7023CF202B00A3AC06 /* SearchPresenter.swift in Sources */ = {isa = PBXBuildFile; fileRef = CE3A3B6F23CF202B00A3AC06 /* SearchPresenter.swift */; };
		CE3A3B7223CF2B1600A3AC06 /* UIView + extension.swift in Sources */ = {isa = PBXBuildFile; fileRef = CE3A3B7123CF2B1600A3AC06 /* UIView + extension.swift */; };
		CE3A3B7723CF2F5400A3AC06 /* ItunesUrlHelper.swift in Sources */ = {isa = PBXBuildFile; fileRef = CE3A3B7623CF2F5400A3AC06 /* ItunesUrlHelper.swift */; };
		CE3A3B7923CF31DF00A3AC06 /* NetworkError.swift in Sources */ = {isa = PBXBuildFile; fileRef = CE3A3B7823CF31DF00A3AC06 /* NetworkError.swift */; };
		CE3A3B7B23CF320500A3AC06 /* NetworkService.swift in Sources */ = {isa = PBXBuildFile; fileRef = CE3A3B7A23CF320500A3AC06 /* NetworkService.swift */; };
		CE3A3B7D23CF334C00A3AC06 /* ApiResponse.swift in Sources */ = {isa = PBXBuildFile; fileRef = CE3A3B7C23CF334C00A3AC06 /* ApiResponse.swift */; };
		CE3A3B7F23CF35AF00A3AC06 /* TracksResponce.swift in Sources */ = {isa = PBXBuildFile; fileRef = CE3A3B7E23CF35AF00A3AC06 /* TracksResponce.swift */; };
		CE3A3B8123CF35F300A3AC06 /* TrackContentModel.swift in Sources */ = {isa = PBXBuildFile; fileRef = CE3A3B8023CF35F300A3AC06 /* TrackContentModel.swift */; };
		CE3A3B8423CF71FF00A3AC06 /* IdentifiableCellProtocol.swift in Sources */ = {isa = PBXBuildFile; fileRef = CE3A3B8323CF71FF00A3AC06 /* IdentifiableCellProtocol.swift */; };
		CE3A3B8723CF725900A3AC06 /* TrackCell.swift in Sources */ = {isa = PBXBuildFile; fileRef = CE3A3B8523CF725900A3AC06 /* TrackCell.swift */; };
		CE3A3B8823CF725900A3AC06 /* TrackCell.xib in Resources */ = {isa = PBXBuildFile; fileRef = CE3A3B8623CF725900A3AC06 /* TrackCell.xib */; };
		CE3A3B8A23CF7E9400A3AC06 /* WebImageView.swift in Sources */ = {isa = PBXBuildFile; fileRef = CE3A3B8923CF7E9400A3AC06 /* WebImageView.swift */; };
		CE42C9B3240545E000DF5A99 /* LibraryService.swift in Sources */ = {isa = PBXBuildFile; fileRef = CE42C9B2240545E000DF5A99 /* LibraryService.swift */; };
		CE42C9B5240651D900DF5A99 /* MemoryLibraryService.swift in Sources */ = {isa = PBXBuildFile; fileRef = CE42C9B4240651D900DF5A99 /* MemoryLibraryService.swift */; };
		CE42C9B924065A7600DF5A99 /* LibraryInteractor.swift in Sources */ = {isa = PBXBuildFile; fileRef = CE42C9B824065A7600DF5A99 /* LibraryInteractor.swift */; };
		CE42C9BB24065AAB00DF5A99 /* LibraryPresenter.swift in Sources */ = {isa = PBXBuildFile; fileRef = CE42C9BA24065AAB00DF5A99 /* LibraryPresenter.swift */; };
		CE510A0E23FE950B004634B0 /* MainPlayerTransition.swift in Sources */ = {isa = PBXBuildFile; fileRef = CE510A0D23FE950B004634B0 /* MainPlayerTransition.swift */; };
		CE515F4123F9B5E700F436AC /* MainPlayerInteractor.swift in Sources */ = {isa = PBXBuildFile; fileRef = CE515F4023F9B5E700F436AC /* MainPlayerInteractor.swift */; };
		CE515F4323F9B5F900F436AC /* MainPlayerPresenter.swift in Sources */ = {isa = PBXBuildFile; fileRef = CE515F4223F9B5F900F436AC /* MainPlayerPresenter.swift */; };
		CE515F4623FAF1AB00F436AC /* Coordinator.swift in Sources */ = {isa = PBXBuildFile; fileRef = CE515F4523FAF1AB00F436AC /* Coordinator.swift */; };
		CE515F4D23FD392900F436AC /* MiniPlayerViewController.swift in Sources */ = {isa = PBXBuildFile; fileRef = CE515F4C23FD392900F436AC /* MiniPlayerViewController.swift */; };
		CE515F4F23FD397000F436AC /* MiniPlayerView.swift in Sources */ = {isa = PBXBuildFile; fileRef = CE515F4E23FD397000F436AC /* MiniPlayerView.swift */; };
		CE515F5123FD398700F436AC /* MiniPlayerView.xib in Resources */ = {isa = PBXBuildFile; fileRef = CE515F5023FD398700F436AC /* MiniPlayerView.xib */; };
		CE515F5323FD3ACC00F436AC /* MiniPlayerInteractor.swift in Sources */ = {isa = PBXBuildFile; fileRef = CE515F5223FD3ACC00F436AC /* MiniPlayerInteractor.swift */; };
		CE515F5523FD3ADD00F436AC /* MiniPlayerPresenter.swift in Sources */ = {isa = PBXBuildFile; fileRef = CE515F5423FD3ADD00F436AC /* MiniPlayerPresenter.swift */; };
		CE7AB71623CDD93E00CF9EF8 /* AppDelegate.swift in Sources */ = {isa = PBXBuildFile; fileRef = CE7AB71523CDD93E00CF9EF8 /* AppDelegate.swift */; };
		CE7AB71823CDD93E00CF9EF8 /* SceneDelegate.swift in Sources */ = {isa = PBXBuildFile; fileRef = CE7AB71723CDD93E00CF9EF8 /* SceneDelegate.swift */; };
		CE7AB71A23CDD93E00CF9EF8 /* LibraryViewController.swift in Sources */ = {isa = PBXBuildFile; fileRef = CE7AB71923CDD93E00CF9EF8 /* LibraryViewController.swift */; };
		CE7AB71F23CDD93F00CF9EF8 /* Assets.xcassets in Resources */ = {isa = PBXBuildFile; fileRef = CE7AB71E23CDD93F00CF9EF8 /* Assets.xcassets */; };
		CE7AB72223CDD93F00CF9EF8 /* LaunchScreen.storyboard in Resources */ = {isa = PBXBuildFile; fileRef = CE7AB72023CDD93F00CF9EF8 /* LaunchScreen.storyboard */; };
		CE7AB72A23CDDC8B00CF9EF8 /* MainTabBarController.swift in Sources */ = {isa = PBXBuildFile; fileRef = CE7AB72923CDDC8B00CF9EF8 /* MainTabBarController.swift */; };
		CE7AB72D23CDDEFA00CF9EF8 /* SearchViewController.swift in Sources */ = {isa = PBXBuildFile; fileRef = CE7AB72C23CDDEFA00CF9EF8 /* SearchViewController.swift */; };
		CE7AB73323CDEF0E00CF9EF8 /* TabBarType.swift in Sources */ = {isa = PBXBuildFile; fileRef = CE7AB73223CDEF0E00CF9EF8 /* TabBarType.swift */; };
		CE7AB73723CDF00900CF9EF8 /* Localizable.strings in Resources */ = {isa = PBXBuildFile; fileRef = CE7AB73923CDF00900CF9EF8 /* Localizable.strings */; };
		CE7AB73D23CDF0A500CF9EF8 /* String + extension.swift in Sources */ = {isa = PBXBuildFile; fileRef = CE7AB73C23CDF0A500CF9EF8 /* String + extension.swift */; };
		CE7AB74023CE0AF900CF9EF8 /* PlayListView.swift in Sources */ = {isa = PBXBuildFile; fileRef = CE7AB73F23CE0AF900CF9EF8 /* PlayListView.swift */; };
		CE8EECC923D06B000078745B /* UITableView + extension.swift in Sources */ = {isa = PBXBuildFile; fileRef = CE8EECC823D06B000078745B /* UITableView + extension.swift */; };
		CE8EECCC23D06DD00078745B /* MainPlayerView.xib in Resources */ = {isa = PBXBuildFile; fileRef = CE8EECCB23D06DD00078745B /* MainPlayerView.xib */; };
		CE8EECCE23D06DF50078745B /* MainPlayerView.swift in Sources */ = {isa = PBXBuildFile; fileRef = CE8EECCD23D06DF50078745B /* MainPlayerView.swift */; };
		CEEA02122406FAA40093BEAF /* PlayListViewController.swift in Sources */ = {isa = PBXBuildFile; fileRef = CEEA02112406FAA40093BEAF /* PlayListViewController.swift */; };
		CEEA0214240799AF0093BEAF /* Notification.swift in Sources */ = {isa = PBXBuildFile; fileRef = CEEA0213240799AF0093BEAF /* Notification.swift */; };
/* End PBXBuildFile section */

/* Begin PBXFileReference section */
		CE16903523E4817400C0DBEF /* MainPlayerViewController.swift */ = {isa = PBXFileReference; lastKnownFileType = sourcecode.swift; path = MainPlayerViewController.swift; sourceTree = "<group>"; };
		CE16903823E48D0900C0DBEF /* PlayerService.swift */ = {isa = PBXFileReference; lastKnownFileType = sourcecode.swift; path = PlayerService.swift; sourceTree = "<group>"; };
		CE3A3B6D23CF201B00A3AC06 /* SearchInteractor.swift */ = {isa = PBXFileReference; lastKnownFileType = sourcecode.swift; path = SearchInteractor.swift; sourceTree = "<group>"; };
		CE3A3B6F23CF202B00A3AC06 /* SearchPresenter.swift */ = {isa = PBXFileReference; lastKnownFileType = sourcecode.swift; path = SearchPresenter.swift; sourceTree = "<group>"; };
		CE3A3B7123CF2B1600A3AC06 /* UIView + extension.swift */ = {isa = PBXFileReference; lastKnownFileType = sourcecode.swift; path = "UIView + extension.swift"; sourceTree = "<group>"; };
		CE3A3B7623CF2F5400A3AC06 /* ItunesUrlHelper.swift */ = {isa = PBXFileReference; lastKnownFileType = sourcecode.swift; path = ItunesUrlHelper.swift; sourceTree = "<group>"; };
		CE3A3B7823CF31DF00A3AC06 /* NetworkError.swift */ = {isa = PBXFileReference; lastKnownFileType = sourcecode.swift; path = NetworkError.swift; sourceTree = "<group>"; };
		CE3A3B7A23CF320500A3AC06 /* NetworkService.swift */ = {isa = PBXFileReference; lastKnownFileType = sourcecode.swift; path = NetworkService.swift; sourceTree = "<group>"; };
		CE3A3B7C23CF334C00A3AC06 /* ApiResponse.swift */ = {isa = PBXFileReference; lastKnownFileType = sourcecode.swift; path = ApiResponse.swift; sourceTree = "<group>"; };
		CE3A3B7E23CF35AF00A3AC06 /* TracksResponce.swift */ = {isa = PBXFileReference; lastKnownFileType = sourcecode.swift; path = TracksResponce.swift; sourceTree = "<group>"; };
		CE3A3B8023CF35F300A3AC06 /* TrackContentModel.swift */ = {isa = PBXFileReference; lastKnownFileType = sourcecode.swift; path = TrackContentModel.swift; sourceTree = "<group>"; };
		CE3A3B8323CF71FF00A3AC06 /* IdentifiableCellProtocol.swift */ = {isa = PBXFileReference; lastKnownFileType = sourcecode.swift; path = IdentifiableCellProtocol.swift; sourceTree = "<group>"; };
		CE3A3B8523CF725900A3AC06 /* TrackCell.swift */ = {isa = PBXFileReference; lastKnownFileType = sourcecode.swift; path = TrackCell.swift; sourceTree = "<group>"; };
		CE3A3B8623CF725900A3AC06 /* TrackCell.xib */ = {isa = PBXFileReference; lastKnownFileType = file.xib; path = TrackCell.xib; sourceTree = "<group>"; };
		CE3A3B8923CF7E9400A3AC06 /* WebImageView.swift */ = {isa = PBXFileReference; lastKnownFileType = sourcecode.swift; path = WebImageView.swift; sourceTree = "<group>"; };
		CE42C9B2240545E000DF5A99 /* LibraryService.swift */ = {isa = PBXFileReference; lastKnownFileType = sourcecode.swift; path = LibraryService.swift; sourceTree = "<group>"; };
		CE42C9B4240651D900DF5A99 /* MemoryLibraryService.swift */ = {isa = PBXFileReference; lastKnownFileType = sourcecode.swift; path = MemoryLibraryService.swift; sourceTree = "<group>"; };
		CE42C9B824065A7600DF5A99 /* LibraryInteractor.swift */ = {isa = PBXFileReference; lastKnownFileType = sourcecode.swift; path = LibraryInteractor.swift; sourceTree = "<group>"; };
		CE42C9BA24065AAB00DF5A99 /* LibraryPresenter.swift */ = {isa = PBXFileReference; lastKnownFileType = sourcecode.swift; path = LibraryPresenter.swift; sourceTree = "<group>"; };
		CE510A0D23FE950B004634B0 /* MainPlayerTransition.swift */ = {isa = PBXFileReference; lastKnownFileType = sourcecode.swift; path = MainPlayerTransition.swift; sourceTree = "<group>"; };
		CE515F4023F9B5E700F436AC /* MainPlayerInteractor.swift */ = {isa = PBXFileReference; lastKnownFileType = sourcecode.swift; path = MainPlayerInteractor.swift; sourceTree = "<group>"; };
		CE515F4223F9B5F900F436AC /* MainPlayerPresenter.swift */ = {isa = PBXFileReference; lastKnownFileType = sourcecode.swift; path = MainPlayerPresenter.swift; sourceTree = "<group>"; };
		CE515F4523FAF1AB00F436AC /* Coordinator.swift */ = {isa = PBXFileReference; lastKnownFileType = sourcecode.swift; path = Coordinator.swift; sourceTree = "<group>"; };
		CE515F4C23FD392900F436AC /* MiniPlayerViewController.swift */ = {isa = PBXFileReference; lastKnownFileType = sourcecode.swift; path = MiniPlayerViewController.swift; sourceTree = "<group>"; };
		CE515F4E23FD397000F436AC /* MiniPlayerView.swift */ = {isa = PBXFileReference; lastKnownFileType = sourcecode.swift; path = MiniPlayerView.swift; sourceTree = "<group>"; };
		CE515F5023FD398700F436AC /* MiniPlayerView.xib */ = {isa = PBXFileReference; lastKnownFileType = file.xib; path = MiniPlayerView.xib; sourceTree = "<group>"; };
		CE515F5223FD3ACC00F436AC /* MiniPlayerInteractor.swift */ = {isa = PBXFileReference; lastKnownFileType = sourcecode.swift; path = MiniPlayerInteractor.swift; sourceTree = "<group>"; };
		CE515F5423FD3ADD00F436AC /* MiniPlayerPresenter.swift */ = {isa = PBXFileReference; lastKnownFileType = sourcecode.swift; path = MiniPlayerPresenter.swift; sourceTree = "<group>"; };
		CE7AB71223CDD93E00CF9EF8 /* MusicApp.app */ = {isa = PBXFileReference; explicitFileType = wrapper.application; includeInIndex = 0; path = MusicApp.app; sourceTree = BUILT_PRODUCTS_DIR; };
		CE7AB71523CDD93E00CF9EF8 /* AppDelegate.swift */ = {isa = PBXFileReference; lastKnownFileType = sourcecode.swift; path = AppDelegate.swift; sourceTree = "<group>"; };
		CE7AB71723CDD93E00CF9EF8 /* SceneDelegate.swift */ = {isa = PBXFileReference; lastKnownFileType = sourcecode.swift; path = SceneDelegate.swift; sourceTree = "<group>"; };
		CE7AB71923CDD93E00CF9EF8 /* LibraryViewController.swift */ = {isa = PBXFileReference; lastKnownFileType = sourcecode.swift; path = LibraryViewController.swift; sourceTree = "<group>"; };
		CE7AB71E23CDD93F00CF9EF8 /* Assets.xcassets */ = {isa = PBXFileReference; lastKnownFileType = folder.assetcatalog; path = Assets.xcassets; sourceTree = "<group>"; };
		CE7AB72123CDD93F00CF9EF8 /* Base */ = {isa = PBXFileReference; lastKnownFileType = file.storyboard; name = Base; path = Base.lproj/LaunchScreen.storyboard; sourceTree = "<group>"; };
		CE7AB72323CDD93F00CF9EF8 /* Info.plist */ = {isa = PBXFileReference; lastKnownFileType = text.plist.xml; path = Info.plist; sourceTree = "<group>"; };
		CE7AB72923CDDC8B00CF9EF8 /* MainTabBarController.swift */ = {isa = PBXFileReference; lastKnownFileType = sourcecode.swift; path = MainTabBarController.swift; sourceTree = "<group>"; };
		CE7AB72C23CDDEFA00CF9EF8 /* SearchViewController.swift */ = {isa = PBXFileReference; lastKnownFileType = sourcecode.swift; path = SearchViewController.swift; sourceTree = "<group>"; };
		CE7AB73223CDEF0E00CF9EF8 /* TabBarType.swift */ = {isa = PBXFileReference; lastKnownFileType = sourcecode.swift; path = TabBarType.swift; sourceTree = "<group>"; };
		CE7AB73423CDEFC400CF9EF8 /* ru */ = {isa = PBXFileReference; lastKnownFileType = text.plist.strings; name = ru; path = ru.lproj/LaunchScreen.strings; sourceTree = "<group>"; };
		CE7AB73823CDF00900CF9EF8 /* en */ = {isa = PBXFileReference; lastKnownFileType = text.plist.strings; name = en; path = en.lproj/Localizable.strings; sourceTree = "<group>"; };
		CE7AB73A23CDF00E00CF9EF8 /* ru */ = {isa = PBXFileReference; lastKnownFileType = text.plist.strings; name = ru; path = ru.lproj/Localizable.strings; sourceTree = "<group>"; };
		CE7AB73C23CDF0A500CF9EF8 /* String + extension.swift */ = {isa = PBXFileReference; lastKnownFileType = sourcecode.swift; path = "String + extension.swift"; sourceTree = "<group>"; };
		CE7AB73F23CE0AF900CF9EF8 /* PlayListView.swift */ = {isa = PBXFileReference; lastKnownFileType = sourcecode.swift; path = PlayListView.swift; sourceTree = "<group>"; };
		CE8EECC823D06B000078745B /* UITableView + extension.swift */ = {isa = PBXFileReference; lastKnownFileType = sourcecode.swift; path = "UITableView + extension.swift"; sourceTree = "<group>"; };
		CE8EECCB23D06DD00078745B /* MainPlayerView.xib */ = {isa = PBXFileReference; lastKnownFileType = file.xib; path = MainPlayerView.xib; sourceTree = "<group>"; };
		CE8EECCD23D06DF50078745B /* MainPlayerView.swift */ = {isa = PBXFileReference; lastKnownFileType = sourcecode.swift; path = MainPlayerView.swift; sourceTree = "<group>"; };
		CEEA02112406FAA40093BEAF /* PlayListViewController.swift */ = {isa = PBXFileReference; lastKnownFileType = sourcecode.swift; path = PlayListViewController.swift; sourceTree = "<group>"; };
		CEEA0213240799AF0093BEAF /* Notification.swift */ = {isa = PBXFileReference; lastKnownFileType = sourcecode.swift; path = Notification.swift; sourceTree = "<group>"; };
/* End PBXFileReference section */

/* Begin PBXFrameworksBuildPhase section */
		CE7AB70F23CDD93E00CF9EF8 /* Frameworks */ = {
			isa = PBXFrameworksBuildPhase;
			buildActionMask = 2147483647;
			files = (
			);
			runOnlyForDeploymentPostprocessing = 0;
		};
/* End PBXFrameworksBuildPhase section */

/* Begin PBXGroup section */
		CE16903723E48CE200C0DBEF /* Player */ = {
			isa = PBXGroup;
			children = (
				CE16903823E48D0900C0DBEF /* PlayerService.swift */,
			);
			path = Player;
			sourceTree = "<group>";
		};
		CE3A3B7323CF2E9F00A3AC06 /* Service */ = {
			isa = PBXGroup;
			children = (
				CE3A3B7423CF2EAC00A3AC06 /* Network */,
				CE16903723E48CE200C0DBEF /* Player */,
				CE42C9B1240545BD00DF5A99 /* Library */,
			);
			path = Service;
			sourceTree = "<group>";
		};
		CE3A3B7423CF2EAC00A3AC06 /* Network */ = {
			isa = PBXGroup;
			children = (
				CE3A3B7523CF2EBA00A3AC06 /* Model */,
				CE3A3B7A23CF320500A3AC06 /* NetworkService.swift */,
				CE3A3B7623CF2F5400A3AC06 /* ItunesUrlHelper.swift */,
				CE3A3B7823CF31DF00A3AC06 /* NetworkError.swift */,
			);
			path = Network;
			sourceTree = "<group>";
		};
		CE3A3B7523CF2EBA00A3AC06 /* Model */ = {
			isa = PBXGroup;
			children = (
				CE3A3B7C23CF334C00A3AC06 /* ApiResponse.swift */,
				CE3A3B7E23CF35AF00A3AC06 /* TracksResponce.swift */,
				CE3A3B8023CF35F300A3AC06 /* TrackContentModel.swift */,
			);
			path = Model;
			sourceTree = "<group>";
		};
		CE3A3B8223CF71AA00A3AC06 /* Cell */ = {
			isa = PBXGroup;
			children = (
				CE3A3B8523CF725900A3AC06 /* TrackCell.swift */,
				CE3A3B8623CF725900A3AC06 /* TrackCell.xib */,
			);
			path = Cell;
			sourceTree = "<group>";
		};
		CE42C9B1240545BD00DF5A99 /* Library */ = {
			isa = PBXGroup;
			children = (
				CE42C9B2240545E000DF5A99 /* LibraryService.swift */,
				CE42C9B4240651D900DF5A99 /* MemoryLibraryService.swift */,
			);
			path = Library;
			sourceTree = "<group>";
		};
		CE515F4423FAF18C00F436AC /* Coordinator */ = {
			isa = PBXGroup;
			children = (
				CE515F4523FAF1AB00F436AC /* Coordinator.swift */,
			);
			path = Coordinator;
			sourceTree = "<group>";
		};
		CE515F4723FD314D00F436AC /* MiniPlayer */ = {
			isa = PBXGroup;
			children = (
				CE515F5023FD398700F436AC /* MiniPlayerView.xib */,
				CE515F4E23FD397000F436AC /* MiniPlayerView.swift */,
				CE515F4C23FD392900F436AC /* MiniPlayerViewController.swift */,
				CE515F5223FD3ACC00F436AC /* MiniPlayerInteractor.swift */,
				CE515F5423FD3ADD00F436AC /* MiniPlayerPresenter.swift */,
			);
			path = MiniPlayer;
			sourceTree = "<group>";
		};
		CE7AB70923CDD93E00CF9EF8 = {
			isa = PBXGroup;
			children = (
				CE7AB71423CDD93E00CF9EF8 /* MusicApp */,
				CE7AB71323CDD93E00CF9EF8 /* Products */,
			);
			sourceTree = "<group>";
		};
		CE7AB71323CDD93E00CF9EF8 /* Products */ = {
			isa = PBXGroup;
			children = (
				CE7AB71223CDD93E00CF9EF8 /* MusicApp.app */,
			);
			name = Products;
			sourceTree = "<group>";
		};
		CE7AB71423CDD93E00CF9EF8 /* MusicApp */ = {
			isa = PBXGroup;
			children = (
				CE7AB73E23CDF1CF00CF9EF8 /* Application */,
				CE3A3B7323CF2E9F00A3AC06 /* Service */,
				CE515F4423FAF18C00F436AC /* Coordinator */,
				CE7AB72E23CDEE9E00CF9EF8 /* Scene */,
				CE7AB73B23CDF09200CF9EF8 /* Common */,
			);
			path = MusicApp;
			sourceTree = "<group>";
		};
		CE7AB72E23CDEE9E00CF9EF8 /* Scene */ = {
			isa = PBXGroup;
			children = (
				CE7AB72F23CDEEAE00CF9EF8 /* MainTabBar */,
				CEEA01F72406D5910093BEAF /* PlayList */,
				CE8EECCA23D06DA00078745B /* MainPlayer */,
				CE515F4723FD314D00F436AC /* MiniPlayer */,
			);
			path = Scene;
			sourceTree = "<group>";
		};
		CE7AB72F23CDEEAE00CF9EF8 /* MainTabBar */ = {
			isa = PBXGroup;
			children = (
				CE7AB72923CDDC8B00CF9EF8 /* MainTabBarController.swift */,
				CE7AB73223CDEF0E00CF9EF8 /* TabBarType.swift */,
			);
			path = MainTabBar;
			sourceTree = "<group>";
		};
		CE7AB73023CDEED900CF9EF8 /* Search */ = {
			isa = PBXGroup;
			children = (
				CE7AB72C23CDDEFA00CF9EF8 /* SearchViewController.swift */,
				CE3A3B6D23CF201B00A3AC06 /* SearchInteractor.swift */,
				CE3A3B6F23CF202B00A3AC06 /* SearchPresenter.swift */,
			);
			path = Search;
			sourceTree = "<group>";
		};
		CE7AB73123CDEEE300CF9EF8 /* Library */ = {
			isa = PBXGroup;
			children = (
				CE7AB71923CDD93E00CF9EF8 /* LibraryViewController.swift */,
				CE42C9B824065A7600DF5A99 /* LibraryInteractor.swift */,
				CE42C9BA24065AAB00DF5A99 /* LibraryPresenter.swift */,
			);
			path = Library;
			sourceTree = "<group>";
		};
		CE7AB73B23CDF09200CF9EF8 /* Common */ = {
			isa = PBXGroup;
			children = (
				CE7AB73C23CDF0A500CF9EF8 /* String + extension.swift */,
				CE3A3B7123CF2B1600A3AC06 /* UIView + extension.swift */,
				CE8EECC823D06B000078745B /* UITableView + extension.swift */,
				CE3A3B8323CF71FF00A3AC06 /* IdentifiableCellProtocol.swift */,
				CE3A3B8923CF7E9400A3AC06 /* WebImageView.swift */,
				CEEA0213240799AF0093BEAF /* Notification.swift */,
			);
			path = Common;
			sourceTree = "<group>";
		};
		CE7AB73E23CDF1CF00CF9EF8 /* Application */ = {
			isa = PBXGroup;
			children = (
				CE7AB71523CDD93E00CF9EF8 /* AppDelegate.swift */,
				CE7AB71723CDD93E00CF9EF8 /* SceneDelegate.swift */,
				CE7AB71E23CDD93F00CF9EF8 /* Assets.xcassets */,
				CE7AB72023CDD93F00CF9EF8 /* LaunchScreen.storyboard */,
				CE7AB73923CDF00900CF9EF8 /* Localizable.strings */,
				CE7AB72323CDD93F00CF9EF8 /* Info.plist */,
			);
			path = Application;
			sourceTree = "<group>";
		};
		CE8EECCA23D06DA00078745B /* MainPlayer */ = {
			isa = PBXGroup;
			children = (
				CE8EECCB23D06DD00078745B /* MainPlayerView.xib */,
				CE8EECCD23D06DF50078745B /* MainPlayerView.swift */,
				CE16903523E4817400C0DBEF /* MainPlayerViewController.swift */,
				CE515F4023F9B5E700F436AC /* MainPlayerInteractor.swift */,
				CE515F4223F9B5F900F436AC /* MainPlayerPresenter.swift */,
				CE510A0D23FE950B004634B0 /* MainPlayerTransition.swift */,
			);
			path = MainPlayer;
			sourceTree = "<group>";
		};
		CEEA01F72406D5910093BEAF /* PlayList */ = {
			isa = PBXGroup;
			children = (
				CEEA01F82406D5C70093BEAF /* Common */,
				CE7AB73023CDEED900CF9EF8 /* Search */,
				CE7AB73123CDEEE300CF9EF8 /* Library */,
			);
			path = PlayList;
			sourceTree = "<group>";
		};
		CEEA01F82406D5C70093BEAF /* Common */ = {
			isa = PBXGroup;
			children = (
				CE3A3B8223CF71AA00A3AC06 /* Cell */,
				CE7AB73F23CE0AF900CF9EF8 /* PlayListView.swift */,
				CEEA02112406FAA40093BEAF /* PlayListViewController.swift */,
			);
			path = Common;
			sourceTree = "<group>";
		};
/* End PBXGroup section */

/* Begin PBXNativeTarget section */
		CE7AB71123CDD93E00CF9EF8 /* MusicApp */ = {
			isa = PBXNativeTarget;
			buildConfigurationList = CE7AB72623CDD93F00CF9EF8 /* Build configuration list for PBXNativeTarget "MusicApp" */;
			buildPhases = (
				CE7AB70E23CDD93E00CF9EF8 /* Sources */,
				CE7AB70F23CDD93E00CF9EF8 /* Frameworks */,
				CE7AB71023CDD93E00CF9EF8 /* Resources */,
				CE7AB72B23CDDE2F00CF9EF8 /* SwiftLint */,
			);
			buildRules = (
			);
			dependencies = (
			);
			name = MusicApp;
			productName = MusicApp;
			productReference = CE7AB71223CDD93E00CF9EF8 /* MusicApp.app */;
			productType = "com.apple.product-type.application";
		};
/* End PBXNativeTarget section */

/* Begin PBXProject section */
		CE7AB70A23CDD93E00CF9EF8 /* Project object */ = {
			isa = PBXProject;
			attributes = {
				LastSwiftUpdateCheck = 1130;
				LastUpgradeCheck = 1130;
				ORGANIZATIONNAME = "Vadim Mezentsev";
				TargetAttributes = {
					CE7AB71123CDD93E00CF9EF8 = {
						CreatedOnToolsVersion = 11.3.1;
					};
				};
			};
			buildConfigurationList = CE7AB70D23CDD93E00CF9EF8 /* Build configuration list for PBXProject "MusicApp" */;
			compatibilityVersion = "Xcode 9.3";
			developmentRegion = en;
			hasScannedForEncodings = 0;
			knownRegions = (
				en,
				Base,
				ru,
			);
			mainGroup = CE7AB70923CDD93E00CF9EF8;
			productRefGroup = CE7AB71323CDD93E00CF9EF8 /* Products */;
			projectDirPath = "";
			projectRoot = "";
			targets = (
				CE7AB71123CDD93E00CF9EF8 /* MusicApp */,
			);
		};
/* End PBXProject section */

/* Begin PBXResourcesBuildPhase section */
		CE7AB71023CDD93E00CF9EF8 /* Resources */ = {
			isa = PBXResourcesBuildPhase;
			buildActionMask = 2147483647;
			files = (
				CE515F5123FD398700F436AC /* MiniPlayerView.xib in Resources */,
				CE7AB72223CDD93F00CF9EF8 /* LaunchScreen.storyboard in Resources */,
				CE7AB73723CDF00900CF9EF8 /* Localizable.strings in Resources */,
				CE8EECCC23D06DD00078745B /* MainPlayerView.xib in Resources */,
				CE7AB71F23CDD93F00CF9EF8 /* Assets.xcassets in Resources */,
				CE3A3B8823CF725900A3AC06 /* TrackCell.xib in Resources */,
			);
			runOnlyForDeploymentPostprocessing = 0;
		};
/* End PBXResourcesBuildPhase section */

/* Begin PBXShellScriptBuildPhase section */
		CE7AB72B23CDDE2F00CF9EF8 /* SwiftLint */ = {
			isa = PBXShellScriptBuildPhase;
			buildActionMask = 2147483647;
			files = (
			);
			inputFileListPaths = (
			);
			inputPaths = (
			);
			name = SwiftLint;
			outputFileListPaths = (
			);
			outputPaths = (
			);
			runOnlyForDeploymentPostprocessing = 0;
			shellPath = /bin/sh;
			shellScript = "if which swiftlint >/dev/null; then\n  swiftlint\nelse\n  echo \"warning: SwiftLint not installed, download from https://github.com/realm/SwiftLint\"\nfi\n";
		};
/* End PBXShellScriptBuildPhase section */

/* Begin PBXSourcesBuildPhase section */
		CE7AB70E23CDD93E00CF9EF8 /* Sources */ = {
			isa = PBXSourcesBuildPhase;
			buildActionMask = 2147483647;
			files = (
				CE515F4323F9B5F900F436AC /* MainPlayerPresenter.swift in Sources */,
				CE7AB72D23CDDEFA00CF9EF8 /* SearchViewController.swift in Sources */,
				CE16903623E4817400C0DBEF /* MainPlayerViewController.swift in Sources */,
				CE7AB71A23CDD93E00CF9EF8 /* LibraryViewController.swift in Sources */,
				CE7AB73D23CDF0A500CF9EF8 /* String + extension.swift in Sources */,
				CE8EECCE23D06DF50078745B /* MainPlayerView.swift in Sources */,
				CE42C9B5240651D900DF5A99 /* MemoryLibraryService.swift in Sources */,
				CE42C9B3240545E000DF5A99 /* LibraryService.swift in Sources */,
				CE3A3B8423CF71FF00A3AC06 /* IdentifiableCellProtocol.swift in Sources */,
				CE3A3B7D23CF334C00A3AC06 /* ApiResponse.swift in Sources */,
				CE515F4623FAF1AB00F436AC /* Coordinator.swift in Sources */,
				CE3A3B7723CF2F5400A3AC06 /* ItunesUrlHelper.swift in Sources */,
				CEEA0214240799AF0093BEAF /* Notification.swift in Sources */,
				CE515F5323FD3ACC00F436AC /* MiniPlayerInteractor.swift in Sources */,
				CE3A3B7223CF2B1600A3AC06 /* UIView + extension.swift in Sources */,
				CE3A3B7F23CF35AF00A3AC06 /* TracksResponce.swift in Sources */,
				CE7AB71623CDD93E00CF9EF8 /* AppDelegate.swift in Sources */,
				CEEA02122406FAA40093BEAF /* PlayListViewController.swift in Sources */,
				CE3A3B7B23CF320500A3AC06 /* NetworkService.swift in Sources */,
				CE515F5523FD3ADD00F436AC /* MiniPlayerPresenter.swift in Sources */,
				CE42C9B924065A7600DF5A99 /* LibraryInteractor.swift in Sources */,
				CE7AB74023CE0AF900CF9EF8 /* PlayListView.swift in Sources */,
				CE515F4F23FD397000F436AC /* MiniPlayerView.swift in Sources */,
				CE510A0E23FE950B004634B0 /* MainPlayerTransition.swift in Sources */,
				CE7AB73323CDEF0E00CF9EF8 /* TabBarType.swift in Sources */,
				CE8EECC923D06B000078745B /* UITableView + extension.swift in Sources */,
				CE3A3B6E23CF201B00A3AC06 /* SearchInteractor.swift in Sources */,
				CE3A3B8A23CF7E9400A3AC06 /* WebImageView.swift in Sources */,
				CE7AB72A23CDDC8B00CF9EF8 /* MainTabBarController.swift in Sources */,
				CE3A3B7923CF31DF00A3AC06 /* NetworkError.swift in Sources */,
				CE3A3B7023CF202B00A3AC06 /* SearchPresenter.swift in Sources */,
				CE515F4123F9B5E700F436AC /* MainPlayerInteractor.swift in Sources */,
				CE42C9BB24065AAB00DF5A99 /* LibraryPresenter.swift in Sources */,
				CE16903923E48D0900C0DBEF /* PlayerService.swift in Sources */,
				CE3A3B8723CF725900A3AC06 /* TrackCell.swift in Sources */,
				CE3A3B8123CF35F300A3AC06 /* TrackContentModel.swift in Sources */,
				CE515F4D23FD392900F436AC /* MiniPlayerViewController.swift in Sources */,
				CE7AB71823CDD93E00CF9EF8 /* SceneDelegate.swift in Sources */,
			);
			runOnlyForDeploymentPostprocessing = 0;
		};
/* End PBXSourcesBuildPhase section */

/* Begin PBXVariantGroup section */
		CE7AB72023CDD93F00CF9EF8 /* LaunchScreen.storyboard */ = {
			isa = PBXVariantGroup;
			children = (
				CE7AB72123CDD93F00CF9EF8 /* Base */,
				CE7AB73423CDEFC400CF9EF8 /* ru */,
			);
			name = LaunchScreen.storyboard;
			sourceTree = "<group>";
		};
		CE7AB73923CDF00900CF9EF8 /* Localizable.strings */ = {
			isa = PBXVariantGroup;
			children = (
				CE7AB73823CDF00900CF9EF8 /* en */,
				CE7AB73A23CDF00E00CF9EF8 /* ru */,
			);
			name = Localizable.strings;
			sourceTree = "<group>";
		};
/* End PBXVariantGroup section */

/* Begin XCBuildConfiguration section */
		CE7AB72423CDD93F00CF9EF8 /* Debug */ = {
			isa = XCBuildConfiguration;
			buildSettings = {
				ALWAYS_SEARCH_USER_PATHS = NO;
				CLANG_ANALYZER_LOCALIZABILITY_NONLOCALIZED = YES;
				CLANG_ANALYZER_NONNULL = YES;
				CLANG_ANALYZER_NUMBER_OBJECT_CONVERSION = YES_AGGRESSIVE;
				CLANG_CXX_LANGUAGE_STANDARD = "gnu++14";
				CLANG_CXX_LIBRARY = "libc++";
				CLANG_ENABLE_MODULES = YES;
				CLANG_ENABLE_OBJC_ARC = YES;
				CLANG_ENABLE_OBJC_WEAK = YES;
				CLANG_WARN_BLOCK_CAPTURE_AUTORELEASING = YES;
				CLANG_WARN_BOOL_CONVERSION = YES;
				CLANG_WARN_COMMA = YES;
				CLANG_WARN_CONSTANT_CONVERSION = YES;
				CLANG_WARN_DEPRECATED_OBJC_IMPLEMENTATIONS = YES;
				CLANG_WARN_DIRECT_OBJC_ISA_USAGE = YES_ERROR;
				CLANG_WARN_DOCUMENTATION_COMMENTS = YES;
				CLANG_WARN_EMPTY_BODY = YES;
				CLANG_WARN_ENUM_CONVERSION = YES;
				CLANG_WARN_INFINITE_RECURSION = YES;
				CLANG_WARN_INT_CONVERSION = YES;
				CLANG_WARN_NON_LITERAL_NULL_CONVERSION = YES;
				CLANG_WARN_OBJC_IMPLICIT_RETAIN_SELF = YES;
				CLANG_WARN_OBJC_LITERAL_CONVERSION = YES;
				CLANG_WARN_OBJC_ROOT_CLASS = YES_ERROR;
				CLANG_WARN_RANGE_LOOP_ANALYSIS = YES;
				CLANG_WARN_STRICT_PROTOTYPES = YES;
				CLANG_WARN_SUSPICIOUS_MOVE = YES;
				CLANG_WARN_UNGUARDED_AVAILABILITY = YES_AGGRESSIVE;
				CLANG_WARN_UNREACHABLE_CODE = YES;
				CLANG_WARN__DUPLICATE_METHOD_MATCH = YES;
				COPY_PHASE_STRIP = NO;
				DEBUG_INFORMATION_FORMAT = dwarf;
				ENABLE_STRICT_OBJC_MSGSEND = YES;
				ENABLE_TESTABILITY = YES;
				GCC_C_LANGUAGE_STANDARD = gnu11;
				GCC_DYNAMIC_NO_PIC = NO;
				GCC_NO_COMMON_BLOCKS = YES;
				GCC_OPTIMIZATION_LEVEL = 0;
				GCC_PREPROCESSOR_DEFINITIONS = (
					"DEBUG=1",
					"$(inherited)",
				);
				GCC_WARN_64_TO_32_BIT_CONVERSION = YES;
				GCC_WARN_ABOUT_RETURN_TYPE = YES_ERROR;
				GCC_WARN_UNDECLARED_SELECTOR = YES;
				GCC_WARN_UNINITIALIZED_AUTOS = YES_AGGRESSIVE;
				GCC_WARN_UNUSED_FUNCTION = YES;
				GCC_WARN_UNUSED_VARIABLE = YES;
				IPHONEOS_DEPLOYMENT_TARGET = 13.2;
				MTL_ENABLE_DEBUG_INFO = INCLUDE_SOURCE;
				MTL_FAST_MATH = YES;
				ONLY_ACTIVE_ARCH = YES;
				SDKROOT = iphoneos;
				SWIFT_ACTIVE_COMPILATION_CONDITIONS = DEBUG;
				SWIFT_OPTIMIZATION_LEVEL = "-Onone";
			};
			name = Debug;
		};
		CE7AB72523CDD93F00CF9EF8 /* Release */ = {
			isa = XCBuildConfiguration;
			buildSettings = {
				ALWAYS_SEARCH_USER_PATHS = NO;
				CLANG_ANALYZER_LOCALIZABILITY_NONLOCALIZED = YES;
				CLANG_ANALYZER_NONNULL = YES;
				CLANG_ANALYZER_NUMBER_OBJECT_CONVERSION = YES_AGGRESSIVE;
				CLANG_CXX_LANGUAGE_STANDARD = "gnu++14";
				CLANG_CXX_LIBRARY = "libc++";
				CLANG_ENABLE_MODULES = YES;
				CLANG_ENABLE_OBJC_ARC = YES;
				CLANG_ENABLE_OBJC_WEAK = YES;
				CLANG_WARN_BLOCK_CAPTURE_AUTORELEASING = YES;
				CLANG_WARN_BOOL_CONVERSION = YES;
				CLANG_WARN_COMMA = YES;
				CLANG_WARN_CONSTANT_CONVERSION = YES;
				CLANG_WARN_DEPRECATED_OBJC_IMPLEMENTATIONS = YES;
				CLANG_WARN_DIRECT_OBJC_ISA_USAGE = YES_ERROR;
				CLANG_WARN_DOCUMENTATION_COMMENTS = YES;
				CLANG_WARN_EMPTY_BODY = YES;
				CLANG_WARN_ENUM_CONVERSION = YES;
				CLANG_WARN_INFINITE_RECURSION = YES;
				CLANG_WARN_INT_CONVERSION = YES;
				CLANG_WARN_NON_LITERAL_NULL_CONVERSION = YES;
				CLANG_WARN_OBJC_IMPLICIT_RETAIN_SELF = YES;
				CLANG_WARN_OBJC_LITERAL_CONVERSION = YES;
				CLANG_WARN_OBJC_ROOT_CLASS = YES_ERROR;
				CLANG_WARN_RANGE_LOOP_ANALYSIS = YES;
				CLANG_WARN_STRICT_PROTOTYPES = YES;
				CLANG_WARN_SUSPICIOUS_MOVE = YES;
				CLANG_WARN_UNGUARDED_AVAILABILITY = YES_AGGRESSIVE;
				CLANG_WARN_UNREACHABLE_CODE = YES;
				CLANG_WARN__DUPLICATE_METHOD_MATCH = YES;
				COPY_PHASE_STRIP = NO;
				DEBUG_INFORMATION_FORMAT = "dwarf-with-dsym";
				ENABLE_NS_ASSERTIONS = NO;
				ENABLE_STRICT_OBJC_MSGSEND = YES;
				GCC_C_LANGUAGE_STANDARD = gnu11;
				GCC_NO_COMMON_BLOCKS = YES;
				GCC_WARN_64_TO_32_BIT_CONVERSION = YES;
				GCC_WARN_ABOUT_RETURN_TYPE = YES_ERROR;
				GCC_WARN_UNDECLARED_SELECTOR = YES;
				GCC_WARN_UNINITIALIZED_AUTOS = YES_AGGRESSIVE;
				GCC_WARN_UNUSED_FUNCTION = YES;
				GCC_WARN_UNUSED_VARIABLE = YES;
				IPHONEOS_DEPLOYMENT_TARGET = 13.2;
				MTL_ENABLE_DEBUG_INFO = NO;
				MTL_FAST_MATH = YES;
				SDKROOT = iphoneos;
				SWIFT_COMPILATION_MODE = wholemodule;
				SWIFT_OPTIMIZATION_LEVEL = "-O";
				VALIDATE_PRODUCT = YES;
			};
			name = Release;
		};
		CE7AB72723CDD93F00CF9EF8 /* Debug */ = {
			isa = XCBuildConfiguration;
			buildSettings = {
				ASSETCATALOG_COMPILER_APPICON_NAME = AppIcon;
				CODE_SIGN_STYLE = Automatic;
				DEVELOPMENT_TEAM = 2L8LLR7U92;
				INFOPLIST_FILE = MusicApp/Application/Info.plist;
				LD_RUNPATH_SEARCH_PATHS = (
					"$(inherited)",
					"@executable_path/Frameworks",
				);
				PRODUCT_BUNDLE_IDENTIFIER = vm.MusicApp;
				PRODUCT_NAME = "$(TARGET_NAME)";
				SWIFT_VERSION = 5.0;
				TARGETED_DEVICE_FAMILY = "1,2";
			};
			name = Debug;
		};
		CE7AB72823CDD93F00CF9EF8 /* Release */ = {
			isa = XCBuildConfiguration;
			buildSettings = {
				ASSETCATALOG_COMPILER_APPICON_NAME = AppIcon;
				CODE_SIGN_STYLE = Automatic;
				DEVELOPMENT_TEAM = 2L8LLR7U92;
				INFOPLIST_FILE = MusicApp/Application/Info.plist;
				LD_RUNPATH_SEARCH_PATHS = (
					"$(inherited)",
					"@executable_path/Frameworks",
				);
				PRODUCT_BUNDLE_IDENTIFIER = vm.MusicApp;
				PRODUCT_NAME = "$(TARGET_NAME)";
				SWIFT_VERSION = 5.0;
				TARGETED_DEVICE_FAMILY = "1,2";
			};
			name = Release;
		};
/* End XCBuildConfiguration section */

/* Begin XCConfigurationList section */
		CE7AB70D23CDD93E00CF9EF8 /* Build configuration list for PBXProject "MusicApp" */ = {
			isa = XCConfigurationList;
			buildConfigurations = (
				CE7AB72423CDD93F00CF9EF8 /* Debug */,
				CE7AB72523CDD93F00CF9EF8 /* Release */,
			);
			defaultConfigurationIsVisible = 0;
			defaultConfigurationName = Release;
		};
		CE7AB72623CDD93F00CF9EF8 /* Build configuration list for PBXNativeTarget "MusicApp" */ = {
			isa = XCConfigurationList;
			buildConfigurations = (
				CE7AB72723CDD93F00CF9EF8 /* Debug */,
				CE7AB72823CDD93F00CF9EF8 /* Release */,
			);
			defaultConfigurationIsVisible = 0;
			defaultConfigurationName = Release;
		};
/* End XCConfigurationList section */
	};
	rootObject = CE7AB70A23CDD93E00CF9EF8 /* Project object */;
}
